
Microsoft Visual Studio Solution File, Format Version 12.00
# Visual Studio 15
VisualStudioVersion = 15.0.27703.2047
MinimumVisualStudioVersion = 10.0.40219.1
Project("{FAE04EC0-301F-11D3-BF4B-00C04F79EFBC}") = "ex1", "ex1\ex1.csproj", "{92BD0C8B-A705-4E45-93A8-03C7F7470D73}"
EndProject
Global
	GlobalSection(SolutionConfigurationPlatforms) = preSolution
		Debug|Any CPU = Debug|Any CPU
		Release|Any CPU = Release|Any CPU
	EndGlobalSection
	GlobalSection(ProjectConfigurationPlatforms) = postSolution
		{92BD0C8B-A705-4E45-93A8-03C7F7470D73}.Debug|Any CPU.ActiveCfg = Debug|Any CPU
		{92BD0C8B-A705-4E45-93A8-03C7F7470D73}.Debug|Any CPU.Build.0 = Debug|Any CPU
		{92BD0C8B-A705-4E45-93A8-03C7F7470D73}.Release|Any CPU.ActiveCfg = Release|Any CPU
		{92BD0C8B-A705-4E45-93A8-03C7F7470D73}.Release|Any CPU.Build.0 = Release|Any CPU
	EndGlobalSection
	GlobalSection(SolutionProperties) = preSolution
		HideSolutionNode = FALSE
	EndGlobalSection
	GlobalSection(ExtensibilityGlobals) = postSolution
		SolutionGuid = {C0B3A931-EB8A-43A7-9AA5-2689DB085BD6}
	EndGlobalSection
EndGlobal
