
Microsoft Visual Studio Solution File, Format Version 12.00
# Visual Studio 15
VisualStudioVersion = 15.0.28010.2003
MinimumVisualStudioVersion = 10.0.40219.1
Project("{FAE04EC0-301F-11D3-BF4B-00C04F79EFBC}") = "LISTA10-EX3", "LISTA10-EX3\LISTA10-EX3.csproj", "{C12F562F-36C2-473E-B9A8-D00D9B233EEF}"
EndProject
Global
	GlobalSection(SolutionConfigurationPlatforms) = preSolution
		Debug|Any CPU = Debug|Any CPU
		Release|Any CPU = Release|Any CPU
	EndGlobalSection
	GlobalSection(ProjectConfigurationPlatforms) = postSolution
		{C12F562F-36C2-473E-B9A8-D00D9B233EEF}.Debug|Any CPU.ActiveCfg = Debug|Any CPU
		{C12F562F-36C2-473E-B9A8-D00D9B233EEF}.Debug|Any CPU.Build.0 = Debug|Any CPU
		{C12F562F-36C2-473E-B9A8-D00D9B233EEF}.Release|Any CPU.ActiveCfg = Release|Any CPU
		{C12F562F-36C2-473E-B9A8-D00D9B233EEF}.Release|Any CPU.Build.0 = Release|Any CPU
	EndGlobalSection
	GlobalSection(SolutionProperties) = preSolution
		HideSolutionNode = FALSE
	EndGlobalSection
	GlobalSection(ExtensibilityGlobals) = postSolution
		SolutionGuid = {E830EB47-ED73-4009-A5A7-82F25ED585BF}
	EndGlobalSection
EndGlobal
